// !$*UTF8*$!
{
	archiveVersion = 1;
	classes = {
	};
	objectVersion = 50;
	objects = {

/* Begin PBXBuildFile section */
		B093F05423707AA8000A39D3 /* OrderListViewModel.swift in Sources */ = {isa = PBXBuildFile; fileRef = B093F05323707AA8000A39D3 /* OrderListViewModel.swift */; };
		B093F05723707EC2000A39D3 /* OrderListView.swift in Sources */ = {isa = PBXBuildFile; fileRef = B093F05623707EC2000A39D3 /* OrderListView.swift */; };
		B0A98597236F315D0064D876 /* AppDelegate.swift in Sources */ = {isa = PBXBuildFile; fileRef = B0A98596236F315D0064D876 /* AppDelegate.swift */; };
		B0A98599236F315D0064D876 /* SceneDelegate.swift in Sources */ = {isa = PBXBuildFile; fileRef = B0A98598236F315D0064D876 /* SceneDelegate.swift */; };
		B0A9859B236F315D0064D876 /* ContentView.swift in Sources */ = {isa = PBXBuildFile; fileRef = B0A9859A236F315D0064D876 /* ContentView.swift */; };
		B0A9859D236F315F0064D876 /* Assets.xcassets in Resources */ = {isa = PBXBuildFile; fileRef = B0A9859C236F315F0064D876 /* Assets.xcassets */; };
		B0A985A0236F315F0064D876 /* Preview Assets.xcassets in Resources */ = {isa = PBXBuildFile; fileRef = B0A9859F236F315F0064D876 /* Preview Assets.xcassets */; };
		B0A985A3236F315F0064D876 /* LaunchScreen.storyboard in Resources */ = {isa = PBXBuildFile; fileRef = B0A985A1236F315F0064D876 /* LaunchScreen.storyboard */; };
		B0A985AE236F315F0064D876 /* SUICoffeeOrderTests.swift in Sources */ = {isa = PBXBuildFile; fileRef = B0A985AD236F315F0064D876 /* SUICoffeeOrderTests.swift */; };
		B0A985B9236F315F0064D876 /* SUICoffeeOrderUITests.swift in Sources */ = {isa = PBXBuildFile; fileRef = B0A985B8236F315F0064D876 /* SUICoffeeOrderUITests.swift */; };
		B0A985C8236F31800064D876 /* Coffee.swift in Sources */ = {isa = PBXBuildFile; fileRef = B0A985C7236F31800064D876 /* Coffee.swift */; };
		B0A985CA236F40960064D876 /* Order.swift in Sources */ = {isa = PBXBuildFile; fileRef = B0A985C9236F40960064D876 /* Order.swift */; };
		B0A985CD236F415A0064D876 /* Webservice.swift in Sources */ = {isa = PBXBuildFile; fileRef = B0A985CC236F415A0064D876 /* Webservice.swift */; };
		B0A9FFF52371C69700AD954B /* CreateOrderResponse.swift in Sources */ = {isa = PBXBuildFile; fileRef = B0A9FFF42371C69700AD954B /* CreateOrderResponse.swift */; };
		B0A9FFF72371C83E00AD954B /* AddCoffeeOrderViewModel.swift in Sources */ = {isa = PBXBuildFile; fileRef = B0A9FFF62371C83E00AD954B /* AddCoffeeOrderViewModel.swift */; };
		B0A9FFFA2371C9F700AD954B /* CoffeeViewModel.swift in Sources */ = {isa = PBXBuildFile; fileRef = B0A9FFF92371C9F700AD954B /* CoffeeViewModel.swift */; };
		B0A9FFFC2371D14800AD954B /* AddCoffeeOrderView.swift in Sources */ = {isa = PBXBuildFile; fileRef = B0A9FFFB2371D14800AD954B /* AddCoffeeOrderView.swift */; };
		B0A9FFFE2371DE8B00AD954B /* OrderTotalView.swift in Sources */ = {isa = PBXBuildFile; fileRef = B0A9FFFD2371DE8B00AD954B /* OrderTotalView.swift */; };
/* End PBXBuildFile section */

/* Begin PBXContainerItemProxy section */
		B0A985AA236F315F0064D876 /* PBXContainerItemProxy */ = {
			isa = PBXContainerItemProxy;
			containerPortal = B0A9858B236F315D0064D876 /* Project object */;
			proxyType = 1;
			remoteGlobalIDString = B0A98592236F315D0064D876;
			remoteInfo = SUICoffeeOrder;
		};
		B0A985B5236F315F0064D876 /* PBXContainerItemProxy */ = {
			isa = PBXContainerItemProxy;
			containerPortal = B0A9858B236F315D0064D876 /* Project object */;
			proxyType = 1;
			remoteGlobalIDString = B0A98592236F315D0064D876;
			remoteInfo = SUICoffeeOrder;
		};
/* End PBXContainerItemProxy section */

/* Begin PBXFileReference section */
		B093F05323707AA8000A39D3 /* OrderListViewModel.swift */ = {isa = PBXFileReference; lastKnownFileType = sourcecode.swift; path = OrderListViewModel.swift; sourceTree = "<group>"; };
		B093F05623707EC2000A39D3 /* OrderListView.swift */ = {isa = PBXFileReference; lastKnownFileType = sourcecode.swift; path = OrderListView.swift; sourceTree = "<group>"; };
		B0A98593236F315D0064D876 /* SUICoffeeOrder.app */ = {isa = PBXFileReference; explicitFileType = wrapper.application; includeInIndex = 0; path = SUICoffeeOrder.app; sourceTree = BUILT_PRODUCTS_DIR; };
		B0A98596236F315D0064D876 /* AppDelegate.swift */ = {isa = PBXFileReference; lastKnownFileType = sourcecode.swift; path = AppDelegate.swift; sourceTree = "<group>"; };
		B0A98598236F315D0064D876 /* SceneDelegate.swift */ = {isa = PBXFileReference; lastKnownFileType = sourcecode.swift; path = SceneDelegate.swift; sourceTree = "<group>"; };
		B0A9859A236F315D0064D876 /* ContentView.swift */ = {isa = PBXFileReference; lastKnownFileType = sourcecode.swift; path = ContentView.swift; sourceTree = "<group>"; };
		B0A9859C236F315F0064D876 /* Assets.xcassets */ = {isa = PBXFileReference; lastKnownFileType = folder.assetcatalog; path = Assets.xcassets; sourceTree = "<group>"; };
		B0A9859F236F315F0064D876 /* Preview Assets.xcassets */ = {isa = PBXFileReference; lastKnownFileType = folder.assetcatalog; path = "Preview Assets.xcassets"; sourceTree = "<group>"; };
		B0A985A2236F315F0064D876 /* Base */ = {isa = PBXFileReference; lastKnownFileType = file.storyboard; name = Base; path = Base.lproj/LaunchScreen.storyboard; sourceTree = "<group>"; };
		B0A985A4236F315F0064D876 /* Info.plist */ = {isa = PBXFileReference; lastKnownFileType = text.plist.xml; path = Info.plist; sourceTree = "<group>"; };
		B0A985A9236F315F0064D876 /* SUICoffeeOrderTests.xctest */ = {isa = PBXFileReference; explicitFileType = wrapper.cfbundle; includeInIndex = 0; path = SUICoffeeOrderTests.xctest; sourceTree = BUILT_PRODUCTS_DIR; };
		B0A985AD236F315F0064D876 /* SUICoffeeOrderTests.swift */ = {isa = PBXFileReference; lastKnownFileType = sourcecode.swift; path = SUICoffeeOrderTests.swift; sourceTree = "<group>"; };
		B0A985AF236F315F0064D876 /* Info.plist */ = {isa = PBXFileReference; lastKnownFileType = text.plist.xml; path = Info.plist; sourceTree = "<group>"; };
		B0A985B4236F315F0064D876 /* SUICoffeeOrderUITests.xctest */ = {isa = PBXFileReference; explicitFileType = wrapper.cfbundle; includeInIndex = 0; path = SUICoffeeOrderUITests.xctest; sourceTree = BUILT_PRODUCTS_DIR; };
		B0A985B8236F315F0064D876 /* SUICoffeeOrderUITests.swift */ = {isa = PBXFileReference; lastKnownFileType = sourcecode.swift; path = SUICoffeeOrderUITests.swift; sourceTree = "<group>"; };
		B0A985BA236F315F0064D876 /* Info.plist */ = {isa = PBXFileReference; lastKnownFileType = text.plist.xml; path = Info.plist; sourceTree = "<group>"; };
		B0A985C7236F31800064D876 /* Coffee.swift */ = {isa = PBXFileReference; lastKnownFileType = sourcecode.swift; path = Coffee.swift; sourceTree = "<group>"; };
		B0A985C9236F40960064D876 /* Order.swift */ = {isa = PBXFileReference; lastKnownFileType = sourcecode.swift; path = Order.swift; sourceTree = "<group>"; };
		B0A985CC236F415A0064D876 /* Webservice.swift */ = {isa = PBXFileReference; lastKnownFileType = sourcecode.swift; path = Webservice.swift; sourceTree = "<group>"; };
		B0A9FFF42371C69700AD954B /* CreateOrderResponse.swift */ = {isa = PBXFileReference; lastKnownFileType = sourcecode.swift; path = CreateOrderResponse.swift; sourceTree = "<group>"; };
		B0A9FFF62371C83E00AD954B /* AddCoffeeOrderViewModel.swift */ = {isa = PBXFileReference; lastKnownFileType = sourcecode.swift; path = AddCoffeeOrderViewModel.swift; sourceTree = "<group>"; };
		B0A9FFF92371C9F700AD954B /* CoffeeViewModel.swift */ = {isa = PBXFileReference; lastKnownFileType = sourcecode.swift; path = CoffeeViewModel.swift; sourceTree = "<group>"; };
		B0A9FFFB2371D14800AD954B /* AddCoffeeOrderView.swift */ = {isa = PBXFileReference; lastKnownFileType = sourcecode.swift; path = AddCoffeeOrderView.swift; sourceTree = "<group>"; };
		B0A9FFFD2371DE8B00AD954B /* OrderTotalView.swift */ = {isa = PBXFileReference; lastKnownFileType = sourcecode.swift; path = OrderTotalView.swift; sourceTree = "<group>"; };
/* End PBXFileReference section */

/* Begin PBXFrameworksBuildPhase section */
		B0A98590236F315D0064D876 /* Frameworks */ = {
			isa = PBXFrameworksBuildPhase;
			buildActionMask = 2147483647;
			files = (
			);
			runOnlyForDeploymentPostprocessing = 0;
		};
		B0A985A6236F315F0064D876 /* Frameworks */ = {
			isa = PBXFrameworksBuildPhase;
			buildActionMask = 2147483647;
			files = (
			);
			runOnlyForDeploymentPostprocessing = 0;
		};
		B0A985B1236F315F0064D876 /* Frameworks */ = {
			isa = PBXFrameworksBuildPhase;
			buildActionMask = 2147483647;
			files = (
			);
			runOnlyForDeploymentPostprocessing = 0;
		};
/* End PBXFrameworksBuildPhase section */

/* Begin PBXGroup section */
		B093F05223707A7A000A39D3 /* View Models */ = {
			isa = PBXGroup;
			children = (
				B093F05323707AA8000A39D3 /* OrderListViewModel.swift */,
				B0A9FFF62371C83E00AD954B /* AddCoffeeOrderViewModel.swift */,
				B0A9FFF92371C9F700AD954B /* CoffeeViewModel.swift */,
			);
			path = "View Models";
			sourceTree = "<group>";
		};
		B093F05523707E63000A39D3 /* Views */ = {
			isa = PBXGroup;
			children = (
				B0A9859A236F315D0064D876 /* ContentView.swift */,
				B093F05623707EC2000A39D3 /* OrderListView.swift */,
				B0A9FFFB2371D14800AD954B /* AddCoffeeOrderView.swift */,
				B0A9FFFD2371DE8B00AD954B /* OrderTotalView.swift */,
			);
			path = Views;
			sourceTree = "<group>";
		};
		B0A9858A236F315D0064D876 = {
			isa = PBXGroup;
			children = (
				B0A98595236F315D0064D876 /* SUICoffeeOrder */,
				B0A985AC236F315F0064D876 /* SUICoffeeOrderTests */,
				B0A985B7236F315F0064D876 /* SUICoffeeOrderUITests */,
				B0A98594236F315D0064D876 /* Products */,
			);
			sourceTree = "<group>";
		};
		B0A98594236F315D0064D876 /* Products */ = {
			isa = PBXGroup;
			children = (
				B0A98593236F315D0064D876 /* SUICoffeeOrder.app */,
				B0A985A9236F315F0064D876 /* SUICoffeeOrderTests.xctest */,
				B0A985B4236F315F0064D876 /* SUICoffeeOrderUITests.xctest */,
			);
			name = Products;
			sourceTree = "<group>";
		};
		B0A98595236F315D0064D876 /* SUICoffeeOrder */ = {
			isa = PBXGroup;
			children = (
				B093F05523707E63000A39D3 /* Views */,
				B093F05223707A7A000A39D3 /* View Models */,
				B0A985CB236F41400064D876 /* Services */,
				B0A985C6236F316B0064D876 /* Models */,
				B0A98596236F315D0064D876 /* AppDelegate.swift */,
				B0A98598236F315D0064D876 /* SceneDelegate.swift */,
				B0A9859C236F315F0064D876 /* Assets.xcassets */,
				B0A985A1236F315F0064D876 /* LaunchScreen.storyboard */,
				B0A985A4236F315F0064D876 /* Info.plist */,
				B0A9859E236F315F0064D876 /* Preview Content */,
			);
			path = SUICoffeeOrder;
			sourceTree = "<group>";
		};
		B0A9859E236F315F0064D876 /* Preview Content */ = {
			isa = PBXGroup;
			children = (
				B0A9859F236F315F0064D876 /* Preview Assets.xcassets */,
			);
			path = "Preview Content";
			sourceTree = "<group>";
		};
		B0A985AC236F315F0064D876 /* SUICoffeeOrderTests */ = {
			isa = PBXGroup;
			children = (
				B0A985AD236F315F0064D876 /* SUICoffeeOrderTests.swift */,
				B0A985AF236F315F0064D876 /* Info.plist */,
			);
			path = SUICoffeeOrderTests;
			sourceTree = "<group>";
		};
		B0A985B7236F315F0064D876 /* SUICoffeeOrderUITests */ = {
			isa = PBXGroup;
			children = (
				B0A985B8236F315F0064D876 /* SUICoffeeOrderUITests.swift */,
				B0A985BA236F315F0064D876 /* Info.plist */,
			);
			path = SUICoffeeOrderUITests;
			sourceTree = "<group>";
		};
		B0A985C6236F316B0064D876 /* Models */ = {
			isa = PBXGroup;
			children = (
				B0A985C7236F31800064D876 /* Coffee.swift */,
				B0A985C9236F40960064D876 /* Order.swift */,
				B0A9FFF42371C69700AD954B /* CreateOrderResponse.swift */,
			);
			path = Models;
			sourceTree = "<group>";
		};
		B0A985CB236F41400064D876 /* Services */ = {
			isa = PBXGroup;
			children = (
				B0A985CC236F415A0064D876 /* Webservice.swift */,
			);
			path = Services;
			sourceTree = "<group>";
		};
/* End PBXGroup section */

/* Begin PBXNativeTarget section */
		B0A98592236F315D0064D876 /* SUICoffeeOrder */ = {
			isa = PBXNativeTarget;
			buildConfigurationList = B0A985BD236F315F0064D876 /* Build configuration list for PBXNativeTarget "SUICoffeeOrder" */;
			buildPhases = (
				B0A9858F236F315D0064D876 /* Sources */,
				B0A98590236F315D0064D876 /* Frameworks */,
				B0A98591236F315D0064D876 /* Resources */,
			);
			buildRules = (
			);
			dependencies = (
			);
			name = SUICoffeeOrder;
			productName = SUICoffeeOrder;
			productReference = B0A98593236F315D0064D876 /* SUICoffeeOrder.app */;
			productType = "com.apple.product-type.application";
		};
		B0A985A8236F315F0064D876 /* SUICoffeeOrderTests */ = {
			isa = PBXNativeTarget;
			buildConfigurationList = B0A985C0236F315F0064D876 /* Build configuration list for PBXNativeTarget "SUICoffeeOrderTests" */;
			buildPhases = (
				B0A985A5236F315F0064D876 /* Sources */,
				B0A985A6236F315F0064D876 /* Frameworks */,
				B0A985A7236F315F0064D876 /* Resources */,
			);
			buildRules = (
			);
			dependencies = (
				B0A985AB236F315F0064D876 /* PBXTargetDependency */,
			);
			name = SUICoffeeOrderTests;
			productName = SUICoffeeOrderTests;
			productReference = B0A985A9236F315F0064D876 /* SUICoffeeOrderTests.xctest */;
			productType = "com.apple.product-type.bundle.unit-test";
		};
		B0A985B3236F315F0064D876 /* SUICoffeeOrderUITests */ = {
			isa = PBXNativeTarget;
			buildConfigurationList = B0A985C3236F315F0064D876 /* Build configuration list for PBXNativeTarget "SUICoffeeOrderUITests" */;
			buildPhases = (
				B0A985B0236F315F0064D876 /* Sources */,
				B0A985B1236F315F0064D876 /* Frameworks */,
				B0A985B2236F315F0064D876 /* Resources */,
			);
			buildRules = (
			);
			dependencies = (
				B0A985B6236F315F0064D876 /* PBXTargetDependency */,
			);
			name = SUICoffeeOrderUITests;
			productName = SUICoffeeOrderUITests;
			productReference = B0A985B4236F315F0064D876 /* SUICoffeeOrderUITests.xctest */;
			productType = "com.apple.product-type.bundle.ui-testing";
		};
/* End PBXNativeTarget section */

/* Begin PBXProject section */
		B0A9858B236F315D0064D876 /* Project object */ = {
			isa = PBXProject;
			attributes = {
				LastSwiftUpdateCheck = 1110;
				LastUpgradeCheck = 1110;
				ORGANIZATIONNAME = "eren kulan";
				TargetAttributes = {
					B0A98592236F315D0064D876 = {
						CreatedOnToolsVersion = 11.1;
					};
					B0A985A8236F315F0064D876 = {
						CreatedOnToolsVersion = 11.1;
						TestTargetID = B0A98592236F315D0064D876;
					};
					B0A985B3236F315F0064D876 = {
						CreatedOnToolsVersion = 11.1;
						TestTargetID = B0A98592236F315D0064D876;
					};
				};
			};
			buildConfigurationList = B0A9858E236F315D0064D876 /* Build configuration list for PBXProject "SUICoffeeOrder" */;
			compatibilityVersion = "Xcode 9.3";
			developmentRegion = en;
			hasScannedForEncodings = 0;
			knownRegions = (
				en,
				Base,
			);
			mainGroup = B0A9858A236F315D0064D876;
			productRefGroup = B0A98594236F315D0064D876 /* Products */;
			projectDirPath = "";
			projectRoot = "";
			targets = (
				B0A98592236F315D0064D876 /* SUICoffeeOrder */,
				B0A985A8236F315F0064D876 /* SUICoffeeOrderTests */,
				B0A985B3236F315F0064D876 /* SUICoffeeOrderUITests */,
			);
		};
/* End PBXProject section */

/* Begin PBXResourcesBuildPhase section */
		B0A98591236F315D0064D876 /* Resources */ = {
			isa = PBXResourcesBuildPhase;
			buildActionMask = 2147483647;
			files = (
				B0A985A3236F315F0064D876 /* LaunchScreen.storyboard in Resources */,
				B0A985A0236F315F0064D876 /* Preview Assets.xcassets in Resources */,
				B0A9859D236F315F0064D876 /* Assets.xcassets in Resources */,
			);
			runOnlyForDeploymentPostprocessing = 0;
		};
		B0A985A7236F315F0064D876 /* Resources */ = {
			isa = PBXResourcesBuildPhase;
			buildActionMask = 2147483647;
			files = (
			);
			runOnlyForDeploymentPostprocessing = 0;
		};
		B0A985B2236F315F0064D876 /* Resources */ = {
			isa = PBXResourcesBuildPhase;
			buildActionMask = 2147483647;
			files = (
			);
			runOnlyForDeploymentPostprocessing = 0;
		};
/* End PBXResourcesBuildPhase section */

/* Begin PBXSourcesBuildPhase section */
		B0A9858F236F315D0064D876 /* Sources */ = {
			isa = PBXSourcesBuildPhase;
			buildActionMask = 2147483647;
			files = (
				B0A98597236F315D0064D876 /* AppDelegate.swift in Sources */,
				B093F05723707EC2000A39D3 /* OrderListView.swift in Sources */,
				B0A9FFF52371C69700AD954B /* CreateOrderResponse.swift in Sources */,
				B0A9FFFC2371D14800AD954B /* AddCoffeeOrderView.swift in Sources */,
				B0A98599236F315D0064D876 /* SceneDelegate.swift in Sources */,
				B0A9FFFE2371DE8B00AD954B /* OrderTotalView.swift in Sources */,
				B0A985CD236F415A0064D876 /* Webservice.swift in Sources */,
				B0A9FFFA2371C9F700AD954B /* CoffeeViewModel.swift in Sources */,
				B0A985CA236F40960064D876 /* Order.swift in Sources */,
				B093F05423707AA8000A39D3 /* OrderListViewModel.swift in Sources */,
				B0A9859B236F315D0064D876 /* ContentView.swift in Sources */,
				B0A985C8236F31800064D876 /* Coffee.swift in Sources */,
				B0A9FFF72371C83E00AD954B /* AddCoffeeOrderViewModel.swift in Sources */,
			);
			runOnlyForDeploymentPostprocessing = 0;
		};
		B0A985A5236F315F0064D876 /* Sources */ = {
			isa = PBXSourcesBuildPhase;
			buildActionMask = 2147483647;
			files = (
				B0A985AE236F315F0064D876 /* SUICoffeeOrderTests.swift in Sources */,
			);
			runOnlyForDeploymentPostprocessing = 0;
		};
		B0A985B0236F315F0064D876 /* Sources */ = {
			isa = PBXSourcesBuildPhase;
			buildActionMask = 2147483647;
			files = (
				B0A985B9236F315F0064D876 /* SUICoffeeOrderUITests.swift in Sources */,
			);
			runOnlyForDeploymentPostprocessing = 0;
		};
/* End PBXSourcesBuildPhase section */

/* Begin PBXTargetDependency section */
		B0A985AB236F315F0064D876 /* PBXTargetDependency */ = {
			isa = PBXTargetDependency;
			target = B0A98592236F315D0064D876 /* SUICoffeeOrder */;
			targetProxy = B0A985AA236F315F0064D876 /* PBXContainerItemProxy */;
		};
		B0A985B6236F315F0064D876 /* PBXTargetDependency */ = {
			isa = PBXTargetDependency;
			target = B0A98592236F315D0064D876 /* SUICoffeeOrder */;
			targetProxy = B0A985B5236F315F0064D876 /* PBXContainerItemProxy */;
		};
/* End PBXTargetDependency section */

/* Begin PBXVariantGroup section */
		B0A985A1236F315F0064D876 /* LaunchScreen.storyboard */ = {
			isa = PBXVariantGroup;
			children = (
				B0A985A2236F315F0064D876 /* Base */,
			);
			name = LaunchScreen.storyboard;
			sourceTree = "<group>";
		};
/* End PBXVariantGroup section */

/* Begin XCBuildConfiguration section */
		B0A985BB236F315F0064D876 /* Debug */ = {
			isa = XCBuildConfiguration;
			buildSettings = {
				ALWAYS_SEARCH_USER_PATHS = NO;
				CLANG_ANALYZER_NONNULL = YES;
				CLANG_ANALYZER_NUMBER_OBJECT_CONVERSION = YES_AGGRESSIVE;
				CLANG_CXX_LANGUAGE_STANDARD = "gnu++14";
				CLANG_CXX_LIBRARY = "libc++";
				CLANG_ENABLE_MODULES = YES;
				CLANG_ENABLE_OBJC_ARC = YES;
				CLANG_ENABLE_OBJC_WEAK = YES;
				CLANG_WARN_BLOCK_CAPTURE_AUTORELEASING = YES;
				CLANG_WARN_BOOL_CONVERSION = YES;
				CLANG_WARN_COMMA = YES;
				CLANG_WARN_CONSTANT_CONVERSION = YES;
				CLANG_WARN_DEPRECATED_OBJC_IMPLEMENTATIONS = YES;
				CLANG_WARN_DIRECT_OBJC_ISA_USAGE = YES_ERROR;
				CLANG_WARN_DOCUMENTATION_COMMENTS = YES;
				CLANG_WARN_EMPTY_BODY = YES;
				CLANG_WARN_ENUM_CONVERSION = YES;
				CLANG_WARN_INFINITE_RECURSION = YES;
				CLANG_WARN_INT_CONVERSION = YES;
				CLANG_WARN_NON_LITERAL_NULL_CONVERSION = YES;
				CLANG_WARN_OBJC_IMPLICIT_RETAIN_SELF = YES;
				CLANG_WARN_OBJC_LITERAL_CONVERSION = YES;
				CLANG_WARN_OBJC_ROOT_CLASS = YES_ERROR;
				CLANG_WARN_RANGE_LOOP_ANALYSIS = YES;
				CLANG_WARN_STRICT_PROTOTYPES = YES;
				CLANG_WARN_SUSPICIOUS_MOVE = YES;
				CLANG_WARN_UNGUARDED_AVAILABILITY = YES_AGGRESSIVE;
				CLANG_WARN_UNREACHABLE_CODE = YES;
				CLANG_WARN__DUPLICATE_METHOD_MATCH = YES;
				COPY_PHASE_STRIP = NO;
				DEBUG_INFORMATION_FORMAT = dwarf;
				ENABLE_STRICT_OBJC_MSGSEND = YES;
				ENABLE_TESTABILITY = YES;
				GCC_C_LANGUAGE_STANDARD = gnu11;
				GCC_DYNAMIC_NO_PIC = NO;
				GCC_NO_COMMON_BLOCKS = YES;
				GCC_OPTIMIZATION_LEVEL = 0;
				GCC_PREPROCESSOR_DEFINITIONS = (
					"DEBUG=1",
					"$(inherited)",
				);
				GCC_WARN_64_TO_32_BIT_CONVERSION = YES;
				GCC_WARN_ABOUT_RETURN_TYPE = YES_ERROR;
				GCC_WARN_UNDECLARED_SELECTOR = YES;
				GCC_WARN_UNINITIALIZED_AUTOS = YES_AGGRESSIVE;
				GCC_WARN_UNUSED_FUNCTION = YES;
				GCC_WARN_UNUSED_VARIABLE = YES;
				IPHONEOS_DEPLOYMENT_TARGET = 13.1;
				MTL_ENABLE_DEBUG_INFO = INCLUDE_SOURCE;
				MTL_FAST_MATH = YES;
				ONLY_ACTIVE_ARCH = YES;
				SDKROOT = iphoneos;
				SWIFT_ACTIVE_COMPILATION_CONDITIONS = DEBUG;
				SWIFT_OPTIMIZATION_LEVEL = "-Onone";
			};
			name = Debug;
		};
		B0A985BC236F315F0064D876 /* Release */ = {
			isa = XCBuildConfiguration;
			buildSettings = {
				ALWAYS_SEARCH_USER_PATHS = NO;
				CLANG_ANALYZER_NONNULL = YES;
				CLANG_ANALYZER_NUMBER_OBJECT_CONVERSION = YES_AGGRESSIVE;
				CLANG_CXX_LANGUAGE_STANDARD = "gnu++14";
				CLANG_CXX_LIBRARY = "libc++";
				CLANG_ENABLE_MODULES = YES;
				CLANG_ENABLE_OBJC_ARC = YES;
				CLANG_ENABLE_OBJC_WEAK = YES;
				CLANG_WARN_BLOCK_CAPTURE_AUTORELEASING = YES;
				CLANG_WARN_BOOL_CONVERSION = YES;
				CLANG_WARN_COMMA = YES;
				CLANG_WARN_CONSTANT_CONVERSION = YES;
				CLANG_WARN_DEPRECATED_OBJC_IMPLEMENTATIONS = YES;
				CLANG_WARN_DIRECT_OBJC_ISA_USAGE = YES_ERROR;
				CLANG_WARN_DOCUMENTATION_COMMENTS = YES;
				CLANG_WARN_EMPTY_BODY = YES;
				CLANG_WARN_ENUM_CONVERSION = YES;
				CLANG_WARN_INFINITE_RECURSION = YES;
				CLANG_WARN_INT_CONVERSION = YES;
				CLANG_WARN_NON_LITERAL_NULL_CONVERSION = YES;
				CLANG_WARN_OBJC_IMPLICIT_RETAIN_SELF = YES;
				CLANG_WARN_OBJC_LITERAL_CONVERSION = YES;
				CLANG_WARN_OBJC_ROOT_CLASS = YES_ERROR;
				CLANG_WARN_RANGE_LOOP_ANALYSIS = YES;
				CLANG_WARN_STRICT_PROTOTYPES = YES;
				CLANG_WARN_SUSPICIOUS_MOVE = YES;
				CLANG_WARN_UNGUARDED_AVAILABILITY = YES_AGGRESSIVE;
				CLANG_WARN_UNREACHABLE_CODE = YES;
				CLANG_WARN__DUPLICATE_METHOD_MATCH = YES;
				COPY_PHASE_STRIP = NO;
				DEBUG_INFORMATION_FORMAT = "dwarf-with-dsym";
				ENABLE_NS_ASSERTIONS = NO;
				ENABLE_STRICT_OBJC_MSGSEND = YES;
				GCC_C_LANGUAGE_STANDARD = gnu11;
				GCC_NO_COMMON_BLOCKS = YES;
				GCC_WARN_64_TO_32_BIT_CONVERSION = YES;
				GCC_WARN_ABOUT_RETURN_TYPE = YES_ERROR;
				GCC_WARN_UNDECLARED_SELECTOR = YES;
				GCC_WARN_UNINITIALIZED_AUTOS = YES_AGGRESSIVE;
				GCC_WARN_UNUSED_FUNCTION = YES;
				GCC_WARN_UNUSED_VARIABLE = YES;
				IPHONEOS_DEPLOYMENT_TARGET = 13.1;
				MTL_ENABLE_DEBUG_INFO = NO;
				MTL_FAST_MATH = YES;
				SDKROOT = iphoneos;
				SWIFT_COMPILATION_MODE = wholemodule;
				SWIFT_OPTIMIZATION_LEVEL = "-O";
				VALIDATE_PRODUCT = YES;
			};
			name = Release;
		};
		B0A985BE236F315F0064D876 /* Debug */ = {
			isa = XCBuildConfiguration;
			buildSettings = {
				ASSETCATALOG_COMPILER_APPICON_NAME = AppIcon;
				CODE_SIGN_STYLE = Automatic;
				DEVELOPMENT_ASSET_PATHS = "\"SUICoffeeOrder/Preview Content\"";
				DEVELOPMENT_TEAM = CZ3J2246AK;
				ENABLE_PREVIEWS = YES;
				INFOPLIST_FILE = SUICoffeeOrder/Info.plist;
				LD_RUNPATH_SEARCH_PATHS = (
					"$(inherited)",
					"@executable_path/Frameworks",
				);
				PRODUCT_BUNDLE_IDENTIFIER = com.eren.SUICoffeeOrder;
				PRODUCT_NAME = "$(TARGET_NAME)";
				SWIFT_VERSION = 5.0;
				TARGETED_DEVICE_FAMILY = "1,2";
			};
			name = Debug;
		};
		B0A985BF236F315F0064D876 /* Release */ = {
			isa = XCBuildConfiguration;
			buildSettings = {
				ASSETCATALOG_COMPILER_APPICON_NAME = AppIcon;
				CODE_SIGN_STYLE = Automatic;
				DEVELOPMENT_ASSET_PATHS = "\"SUICoffeeOrder/Preview Content\"";
				DEVELOPMENT_TEAM = CZ3J2246AK;
				ENABLE_PREVIEWS = YES;
				INFOPLIST_FILE = SUICoffeeOrder/Info.plist;
				LD_RUNPATH_SEARCH_PATHS = (
					"$(inherited)",
					"@executable_path/Frameworks",
				);
				PRODUCT_BUNDLE_IDENTIFIER = com.eren.SUICoffeeOrder;
				PRODUCT_NAME = "$(TARGET_NAME)";
				SWIFT_VERSION = 5.0;
				TARGETED_DEVICE_FAMILY = "1,2";
			};
			name = Release;
		};
		B0A985C1236F315F0064D876 /* Debug */ = {
			isa = XCBuildConfiguration;
			buildSettings = {
				ALWAYS_EMBED_SWIFT_STANDARD_LIBRARIES = YES;
				BUNDLE_LOADER = "$(TEST_HOST)";
				CODE_SIGN_STYLE = Automatic;
				DEVELOPMENT_TEAM = CZ3J2246AK;
				INFOPLIST_FILE = SUICoffeeOrderTests/Info.plist;
				IPHONEOS_DEPLOYMENT_TARGET = 13.1;
				LD_RUNPATH_SEARCH_PATHS = (
					"$(inherited)",
					"@executable_path/Frameworks",
					"@loader_path/Frameworks",
				);
				PRODUCT_BUNDLE_IDENTIFIER = com.eren.SUICoffeeOrderTests;
				PRODUCT_NAME = "$(TARGET_NAME)";
				SWIFT_VERSION = 5.0;
				TARGETED_DEVICE_FAMILY = "1,2";
				TEST_HOST = "$(BUILT_PRODUCTS_DIR)/SUICoffeeOrder.app/SUICoffeeOrder";
			};
			name = Debug;
		};
		B0A985C2236F315F0064D876 /* Release */ = {
			isa = XCBuildConfiguration;
			buildSettings = {
				ALWAYS_EMBED_SWIFT_STANDARD_LIBRARIES = YES;
				BUNDLE_LOADER = "$(TEST_HOST)";
				CODE_SIGN_STYLE = Automatic;
				DEVELOPMENT_TEAM = CZ3J2246AK;
				INFOPLIST_FILE = SUICoffeeOrderTests/Info.plist;
				IPHONEOS_DEPLOYMENT_TARGET = 13.1;
				LD_RUNPATH_SEARCH_PATHS = (
					"$(inherited)",
					"@executable_path/Frameworks",
					"@loader_path/Frameworks",
				);
				PRODUCT_BUNDLE_IDENTIFIER = com.eren.SUICoffeeOrderTests;
				PRODUCT_NAME = "$(TARGET_NAME)";
				SWIFT_VERSION = 5.0;
				TARGETED_DEVICE_FAMILY = "1,2";
				TEST_HOST = "$(BUILT_PRODUCTS_DIR)/SUICoffeeOrder.app/SUICoffeeOrder";
			};
			name = Release;
		};
		B0A985C4236F315F0064D876 /* Debug */ = {
			isa = XCBuildConfiguration;
			buildSettings = {
				ALWAYS_EMBED_SWIFT_STANDARD_LIBRARIES = YES;
				CODE_SIGN_STYLE = Automatic;
				DEVELOPMENT_TEAM = CZ3J2246AK;
				INFOPLIST_FILE = SUICoffeeOrderUITests/Info.plist;
				LD_RUNPATH_SEARCH_PATHS = (
					"$(inherited)",
					"@executable_path/Frameworks",
					"@loader_path/Frameworks",
				);
				PRODUCT_BUNDLE_IDENTIFIER = com.eren.SUICoffeeOrderUITests;
				PRODUCT_NAME = "$(TARGET_NAME)";
				SWIFT_VERSION = 5.0;
				TARGETED_DEVICE_FAMILY = "1,2";
				TEST_TARGET_NAME = SUICoffeeOrder;
			};
			name = Debug;
		};
		B0A985C5236F315F0064D876 /* Release */ = {
			isa = XCBuildConfiguration;
			buildSettings = {
				ALWAYS_EMBED_SWIFT_STANDARD_LIBRARIES = YES;
				CODE_SIGN_STYLE = Automatic;
				DEVELOPMENT_TEAM = CZ3J2246AK;
				INFOPLIST_FILE = SUICoffeeOrderUITests/Info.plist;
				LD_RUNPATH_SEARCH_PATHS = (
					"$(inherited)",
					"@executable_path/Frameworks",
					"@loader_path/Frameworks",
				);
				PRODUCT_BUNDLE_IDENTIFIER = com.eren.SUICoffeeOrderUITests;
				PRODUCT_NAME = "$(TARGET_NAME)";
				SWIFT_VERSION = 5.0;
				TARGETED_DEVICE_FAMILY = "1,2";
				TEST_TARGET_NAME = SUICoffeeOrder;
			};
			name = Release;
		};
/* End XCBuildConfiguration section */

/* Begin XCConfigurationList section */
		B0A9858E236F315D0064D876 /* Build configuration list for PBXProject "SUICoffeeOrder" */ = {
			isa = XCConfigurationList;
			buildConfigurations = (
				B0A985BB236F315F0064D876 /* Debug */,
				B0A985BC236F315F0064D876 /* Release */,
			);
			defaultConfigurationIsVisible = 0;
			defaultConfigurationName = Release;
		};
		B0A985BD236F315F0064D876 /* Build configuration list for PBXNativeTarget "SUICoffeeOrder" */ = {
			isa = XCConfigurationList;
			buildConfigurations = (
				B0A985BE236F315F0064D876 /* Debug */,
				B0A985BF236F315F0064D876 /* Release */,
			);
			defaultConfigurationIsVisible = 0;
			defaultConfigurationName = Release;
		};
		B0A985C0236F315F0064D876 /* Build configuration list for PBXNativeTarget "SUICoffeeOrderTests" */ = {
			isa = XCConfigurationList;
			buildConfigurations = (
				B0A985C1236F315F0064D876 /* Debug */,
				B0A985C2236F315F0064D876 /* Release */,
			);
			defaultConfigurationIsVisible = 0;
			defaultConfigurationName = Release;
		};
		B0A985C3236F315F0064D876 /* Build configuration list for PBXNativeTarget "SUICoffeeOrderUITests" */ = {
			isa = XCConfigurationList;
			buildConfigurations = (
				B0A985C4236F315F0064D876 /* Debug */,
				B0A985C5236F315F0064D876 /* Release */,
			);
			defaultConfigurationIsVisible = 0;
			defaultConfigurationName = Release;
		};
/* End XCConfigurationList section */
	};
	rootObject = B0A9858B236F315D0064D876 /* Project object */;
}
